
Microsoft Visual Studio Solution File, Format Version 12.00
# Visual Studio 15
VisualStudioVersion = 15.0.26228.12
MinimumVisualStudioVersion = 10.0.40219.1
Project("{FAE04EC0-301F-11D3-BF4B-00C04F79EFBC}") = "WpfView", "WpfView\WpfView.csproj", "{4D253423-AE05-47F6-A59D-9162EC0BB1F2}"
EndProject
Project("{FAE04EC0-301F-11D3-BF4B-00C04F79EFBC}") = "Wpf", "Examples\Wpf\Wpf.csproj", "{537FF5D4-19FB-415E-B3D2-B83CB93E968B}"
EndProject
Project("{FAE04EC0-301F-11D3-BF4B-00C04F79EFBC}") = "Core40", "Core40\Core40.csproj", "{F261C3D7-6194-4625-9516-044081B06028}"
EndProject
Project("{00D1A9C2-B5F0-4AF3-8072-F6C62B433612}") = "Wpf.DB", "Wpf.DB\Wpf.DB.sqlproj", "{20582431-27BD-466E-87F0-40EFA4466662}"
EndProject
Project("{2150E333-8FDC-42A3-9474-1A3956D46DE8}") = "Core", "Core", "{946A0603-7C02-4849-8132-EAB98D6CB8F7}"
EndProject
Project("{FAE04EC0-301F-11D3-BF4B-00C04F79EFBC}") = "Wpf.BO", "WPF.BO\Wpf.BO.csproj", "{938CBB2E-43EB-40E1-B19E-75BEF0DA7C17}"
EndProject
Project("{FAE04EC0-301F-11D3-BF4B-00C04F79EFBC}") = "Wpf.Service", "WPF.Service\Wpf.Service.csproj", "{D43B8358-315A-41D0-8996-FCDE72B9FB79}"
EndProject
Global
	GlobalSection(SolutionConfigurationPlatforms) = preSolution
		Debug|Any CPU = Debug|Any CPU
		Debug|ARM = Debug|ARM
		Debug|x64 = Debug|x64
		Debug|x86 = Debug|x86
		net40|Any CPU = net40|Any CPU
		net40|ARM = net40|ARM
		net40|x64 = net40|x64
		net40|x86 = net40|x86
		net45|Any CPU = net45|Any CPU
		net45|ARM = net45|ARM
		net45|x64 = net45|x64
		net45|x86 = net45|x86
		Release|Any CPU = Release|Any CPU
		Release|ARM = Release|ARM
		Release|x64 = Release|x64
		Release|x86 = Release|x86
	EndGlobalSection
	GlobalSection(ProjectConfigurationPlatforms) = postSolution
		{4D253423-AE05-47F6-A59D-9162EC0BB1F2}.Debug|Any CPU.ActiveCfg = Debug|Any CPU
		{4D253423-AE05-47F6-A59D-9162EC0BB1F2}.Debug|Any CPU.Build.0 = Debug|Any CPU
		{4D253423-AE05-47F6-A59D-9162EC0BB1F2}.Debug|ARM.ActiveCfg = Debug|Any CPU
		{4D253423-AE05-47F6-A59D-9162EC0BB1F2}.Debug|ARM.Build.0 = Debug|Any CPU
		{4D253423-AE05-47F6-A59D-9162EC0BB1F2}.Debug|x64.ActiveCfg = Debug|Any CPU
		{4D253423-AE05-47F6-A59D-9162EC0BB1F2}.Debug|x64.Build.0 = Debug|Any CPU
		{4D253423-AE05-47F6-A59D-9162EC0BB1F2}.Debug|x86.ActiveCfg = Debug|Any CPU
		{4D253423-AE05-47F6-A59D-9162EC0BB1F2}.Debug|x86.Build.0 = Debug|Any CPU
		{4D253423-AE05-47F6-A59D-9162EC0BB1F2}.net40|Any CPU.ActiveCfg = Release|Any CPU
		{4D253423-AE05-47F6-A59D-9162EC0BB1F2}.net40|Any CPU.Build.0 = Release|Any CPU
		{4D253423-AE05-47F6-A59D-9162EC0BB1F2}.net40|ARM.ActiveCfg = Release|Any CPU
		{4D253423-AE05-47F6-A59D-9162EC0BB1F2}.net40|ARM.Build.0 = Release|Any CPU
		{4D253423-AE05-47F6-A59D-9162EC0BB1F2}.net40|x64.ActiveCfg = Release|Any CPU
		{4D253423-AE05-47F6-A59D-9162EC0BB1F2}.net40|x64.Build.0 = Release|Any CPU
		{4D253423-AE05-47F6-A59D-9162EC0BB1F2}.net40|x86.ActiveCfg = Release|Any CPU
		{4D253423-AE05-47F6-A59D-9162EC0BB1F2}.net40|x86.Build.0 = Release|Any CPU
		{4D253423-AE05-47F6-A59D-9162EC0BB1F2}.net45|Any CPU.ActiveCfg = Release|Any CPU
		{4D253423-AE05-47F6-A59D-9162EC0BB1F2}.net45|Any CPU.Build.0 = Release|Any CPU
		{4D253423-AE05-47F6-A59D-9162EC0BB1F2}.net45|ARM.ActiveCfg = Release|Any CPU
		{4D253423-AE05-47F6-A59D-9162EC0BB1F2}.net45|ARM.Build.0 = Release|Any CPU
		{4D253423-AE05-47F6-A59D-9162EC0BB1F2}.net45|x64.ActiveCfg = Release|Any CPU
		{4D253423-AE05-47F6-A59D-9162EC0BB1F2}.net45|x64.Build.0 = Release|Any CPU
		{4D253423-AE05-47F6-A59D-9162EC0BB1F2}.net45|x86.ActiveCfg = Release|Any CPU
		{4D253423-AE05-47F6-A59D-9162EC0BB1F2}.net45|x86.Build.0 = Release|Any CPU
		{4D253423-AE05-47F6-A59D-9162EC0BB1F2}.Release|Any CPU.ActiveCfg = Release|Any CPU
		{4D253423-AE05-47F6-A59D-9162EC0BB1F2}.Release|Any CPU.Build.0 = Release|Any CPU
		{4D253423-AE05-47F6-A59D-9162EC0BB1F2}.Release|ARM.ActiveCfg = Release|Any CPU
		{4D253423-AE05-47F6-A59D-9162EC0BB1F2}.Release|ARM.Build.0 = Release|Any CPU
		{4D253423-AE05-47F6-A59D-9162EC0BB1F2}.Release|x64.ActiveCfg = Release|Any CPU
		{4D253423-AE05-47F6-A59D-9162EC0BB1F2}.Release|x64.Build.0 = Release|Any CPU
		{4D253423-AE05-47F6-A59D-9162EC0BB1F2}.Release|x86.ActiveCfg = Release|Any CPU
		{4D253423-AE05-47F6-A59D-9162EC0BB1F2}.Release|x86.Build.0 = Release|Any CPU
		{537FF5D4-19FB-415E-B3D2-B83CB93E968B}.Debug|Any CPU.ActiveCfg = Debug|Any CPU
		{537FF5D4-19FB-415E-B3D2-B83CB93E968B}.Debug|Any CPU.Build.0 = Debug|Any CPU
		{537FF5D4-19FB-415E-B3D2-B83CB93E968B}.Debug|ARM.ActiveCfg = Debug|Any CPU
		{537FF5D4-19FB-415E-B3D2-B83CB93E968B}.Debug|ARM.Build.0 = Debug|Any CPU
		{537FF5D4-19FB-415E-B3D2-B83CB93E968B}.Debug|x64.ActiveCfg = Debug|Any CPU
		{537FF5D4-19FB-415E-B3D2-B83CB93E968B}.Debug|x64.Build.0 = Debug|Any CPU
		{537FF5D4-19FB-415E-B3D2-B83CB93E968B}.Debug|x86.ActiveCfg = Debug|Any CPU
		{537FF5D4-19FB-415E-B3D2-B83CB93E968B}.Debug|x86.Build.0 = Debug|Any CPU
		{537FF5D4-19FB-415E-B3D2-B83CB93E968B}.net40|Any CPU.ActiveCfg = Release|Any CPU
		{537FF5D4-19FB-415E-B3D2-B83CB93E968B}.net40|Any CPU.Build.0 = Release|Any CPU
		{537FF5D4-19FB-415E-B3D2-B83CB93E968B}.net40|ARM.ActiveCfg = Release|Any CPU
		{537FF5D4-19FB-415E-B3D2-B83CB93E968B}.net40|ARM.Build.0 = Release|Any CPU
		{537FF5D4-19FB-415E-B3D2-B83CB93E968B}.net40|x64.ActiveCfg = Release|Any CPU
		{537FF5D4-19FB-415E-B3D2-B83CB93E968B}.net40|x64.Build.0 = Release|Any CPU
		{537FF5D4-19FB-415E-B3D2-B83CB93E968B}.net40|x86.ActiveCfg = Release|Any CPU
		{537FF5D4-19FB-415E-B3D2-B83CB93E968B}.net40|x86.Build.0 = Release|Any CPU
		{537FF5D4-19FB-415E-B3D2-B83CB93E968B}.net45|Any CPU.ActiveCfg = Release|Any CPU
		{537FF5D4-19FB-415E-B3D2-B83CB93E968B}.net45|Any CPU.Build.0 = Release|Any CPU
		{537FF5D4-19FB-415E-B3D2-B83CB93E968B}.net45|ARM.ActiveCfg = Release|Any CPU
		{537FF5D4-19FB-415E-B3D2-B83CB93E968B}.net45|ARM.Build.0 = Release|Any CPU
		{537FF5D4-19FB-415E-B3D2-B83CB93E968B}.net45|x64.ActiveCfg = Release|Any CPU
		{537FF5D4-19FB-415E-B3D2-B83CB93E968B}.net45|x64.Build.0 = Release|Any CPU
		{537FF5D4-19FB-415E-B3D2-B83CB93E968B}.net45|x86.ActiveCfg = Release|Any CPU
		{537FF5D4-19FB-415E-B3D2-B83CB93E968B}.net45|x86.Build.0 = Release|Any CPU
		{537FF5D4-19FB-415E-B3D2-B83CB93E968B}.Release|Any CPU.ActiveCfg = Release|Any CPU
		{537FF5D4-19FB-415E-B3D2-B83CB93E968B}.Release|Any CPU.Build.0 = Release|Any CPU
		{537FF5D4-19FB-415E-B3D2-B83CB93E968B}.Release|ARM.ActiveCfg = Release|Any CPU
		{537FF5D4-19FB-415E-B3D2-B83CB93E968B}.Release|ARM.Build.0 = Release|Any CPU
		{537FF5D4-19FB-415E-B3D2-B83CB93E968B}.Release|x64.ActiveCfg = Release|Any CPU
		{537FF5D4-19FB-415E-B3D2-B83CB93E968B}.Release|x64.Build.0 = Release|Any CPU
		{537FF5D4-19FB-415E-B3D2-B83CB93E968B}.Release|x86.ActiveCfg = Release|Any CPU
		{537FF5D4-19FB-415E-B3D2-B83CB93E968B}.Release|x86.Build.0 = Release|Any CPU
		{F261C3D7-6194-4625-9516-044081B06028}.Debug|Any CPU.ActiveCfg = Debug|Any CPU
		{F261C3D7-6194-4625-9516-044081B06028}.Debug|Any CPU.Build.0 = Debug|Any CPU
		{F261C3D7-6194-4625-9516-044081B06028}.Debug|ARM.ActiveCfg = Debug|Any CPU
		{F261C3D7-6194-4625-9516-044081B06028}.Debug|ARM.Build.0 = Debug|Any CPU
		{F261C3D7-6194-4625-9516-044081B06028}.Debug|x64.ActiveCfg = Debug|Any CPU
		{F261C3D7-6194-4625-9516-044081B06028}.Debug|x64.Build.0 = Debug|Any CPU
		{F261C3D7-6194-4625-9516-044081B06028}.Debug|x86.ActiveCfg = Debug|Any CPU
		{F261C3D7-6194-4625-9516-044081B06028}.Debug|x86.Build.0 = Debug|Any CPU
		{F261C3D7-6194-4625-9516-044081B06028}.net40|Any CPU.ActiveCfg = Release|Any CPU
		{F261C3D7-6194-4625-9516-044081B06028}.net40|Any CPU.Build.0 = Release|Any CPU
		{F261C3D7-6194-4625-9516-044081B06028}.net40|ARM.ActiveCfg = Release|Any CPU
		{F261C3D7-6194-4625-9516-044081B06028}.net40|ARM.Build.0 = Release|Any CPU
		{F261C3D7-6194-4625-9516-044081B06028}.net40|x64.ActiveCfg = Release|Any CPU
		{F261C3D7-6194-4625-9516-044081B06028}.net40|x64.Build.0 = Release|Any CPU
		{F261C3D7-6194-4625-9516-044081B06028}.net40|x86.ActiveCfg = Release|Any CPU
		{F261C3D7-6194-4625-9516-044081B06028}.net40|x86.Build.0 = Release|Any CPU
		{F261C3D7-6194-4625-9516-044081B06028}.net45|Any CPU.ActiveCfg = Release|Any CPU
		{F261C3D7-6194-4625-9516-044081B06028}.net45|Any CPU.Build.0 = Release|Any CPU
		{F261C3D7-6194-4625-9516-044081B06028}.net45|ARM.ActiveCfg = Release|Any CPU
		{F261C3D7-6194-4625-9516-044081B06028}.net45|ARM.Build.0 = Release|Any CPU
		{F261C3D7-6194-4625-9516-044081B06028}.net45|x64.ActiveCfg = Release|Any CPU
		{F261C3D7-6194-4625-9516-044081B06028}.net45|x64.Build.0 = Release|Any CPU
		{F261C3D7-6194-4625-9516-044081B06028}.net45|x86.ActiveCfg = Release|Any CPU
		{F261C3D7-6194-4625-9516-044081B06028}.net45|x86.Build.0 = Release|Any CPU
		{F261C3D7-6194-4625-9516-044081B06028}.Release|Any CPU.ActiveCfg = Release|Any CPU
		{F261C3D7-6194-4625-9516-044081B06028}.Release|Any CPU.Build.0 = Release|Any CPU
		{F261C3D7-6194-4625-9516-044081B06028}.Release|ARM.ActiveCfg = Release|Any CPU
		{F261C3D7-6194-4625-9516-044081B06028}.Release|ARM.Build.0 = Release|Any CPU
		{F261C3D7-6194-4625-9516-044081B06028}.Release|x64.ActiveCfg = Release|Any CPU
		{F261C3D7-6194-4625-9516-044081B06028}.Release|x64.Build.0 = Release|Any CPU
		{F261C3D7-6194-4625-9516-044081B06028}.Release|x86.ActiveCfg = Release|Any CPU
		{F261C3D7-6194-4625-9516-044081B06028}.Release|x86.Build.0 = Release|Any CPU
		{20582431-27BD-466E-87F0-40EFA4466662}.Debug|Any CPU.ActiveCfg = Debug|Any CPU
		{20582431-27BD-466E-87F0-40EFA4466662}.Debug|Any CPU.Build.0 = Debug|Any CPU
		{20582431-27BD-466E-87F0-40EFA4466662}.Debug|Any CPU.Deploy.0 = Debug|Any CPU
		{20582431-27BD-466E-87F0-40EFA4466662}.Debug|ARM.ActiveCfg = Debug|Any CPU
		{20582431-27BD-466E-87F0-40EFA4466662}.Debug|ARM.Build.0 = Debug|Any CPU
		{20582431-27BD-466E-87F0-40EFA4466662}.Debug|ARM.Deploy.0 = Debug|Any CPU
		{20582431-27BD-466E-87F0-40EFA4466662}.Debug|x64.ActiveCfg = Debug|Any CPU
		{20582431-27BD-466E-87F0-40EFA4466662}.Debug|x64.Build.0 = Debug|Any CPU
		{20582431-27BD-466E-87F0-40EFA4466662}.Debug|x64.Deploy.0 = Debug|Any CPU
		{20582431-27BD-466E-87F0-40EFA4466662}.Debug|x86.ActiveCfg = Debug|Any CPU
		{20582431-27BD-466E-87F0-40EFA4466662}.Debug|x86.Build.0 = Debug|Any CPU
		{20582431-27BD-466E-87F0-40EFA4466662}.Debug|x86.Deploy.0 = Debug|Any CPU
		{20582431-27BD-466E-87F0-40EFA4466662}.net40|Any CPU.ActiveCfg = Debug|Any CPU
		{20582431-27BD-466E-87F0-40EFA4466662}.net40|Any CPU.Build.0 = Debug|Any CPU
		{20582431-27BD-466E-87F0-40EFA4466662}.net40|Any CPU.Deploy.0 = Debug|Any CPU
		{20582431-27BD-466E-87F0-40EFA4466662}.net40|ARM.ActiveCfg = Debug|Any CPU
		{20582431-27BD-466E-87F0-40EFA4466662}.net40|ARM.Build.0 = Debug|Any CPU
		{20582431-27BD-466E-87F0-40EFA4466662}.net40|ARM.Deploy.0 = Debug|Any CPU
		{20582431-27BD-466E-87F0-40EFA4466662}.net40|x64.ActiveCfg = Debug|Any CPU
		{20582431-27BD-466E-87F0-40EFA4466662}.net40|x64.Build.0 = Debug|Any CPU
		{20582431-27BD-466E-87F0-40EFA4466662}.net40|x64.Deploy.0 = Debug|Any CPU
		{20582431-27BD-466E-87F0-40EFA4466662}.net40|x86.ActiveCfg = Debug|Any CPU
		{20582431-27BD-466E-87F0-40EFA4466662}.net40|x86.Build.0 = Debug|Any CPU
		{20582431-27BD-466E-87F0-40EFA4466662}.net40|x86.Deploy.0 = Debug|Any CPU
		{20582431-27BD-466E-87F0-40EFA4466662}.net45|Any CPU.ActiveCfg = Debug|Any CPU
		{20582431-27BD-466E-87F0-40EFA4466662}.net45|Any CPU.Build.0 = Debug|Any CPU
		{20582431-27BD-466E-87F0-40EFA4466662}.net45|Any CPU.Deploy.0 = Debug|Any CPU
		{20582431-27BD-466E-87F0-40EFA4466662}.net45|ARM.ActiveCfg = Debug|Any CPU
		{20582431-27BD-466E-87F0-40EFA4466662}.net45|ARM.Build.0 = Debug|Any CPU
		{20582431-27BD-466E-87F0-40EFA4466662}.net45|ARM.Deploy.0 = Debug|Any CPU
		{20582431-27BD-466E-87F0-40EFA4466662}.net45|x64.ActiveCfg = Debug|Any CPU
		{20582431-27BD-466E-87F0-40EFA4466662}.net45|x64.Build.0 = Debug|Any CPU
		{20582431-27BD-466E-87F0-40EFA4466662}.net45|x64.Deploy.0 = Debug|Any CPU
		{20582431-27BD-466E-87F0-40EFA4466662}.net45|x86.ActiveCfg = Debug|Any CPU
		{20582431-27BD-466E-87F0-40EFA4466662}.net45|x86.Build.0 = Debug|Any CPU
		{20582431-27BD-466E-87F0-40EFA4466662}.net45|x86.Deploy.0 = Debug|Any CPU
		{20582431-27BD-466E-87F0-40EFA4466662}.Release|Any CPU.ActiveCfg = Release|Any CPU
		{20582431-27BD-466E-87F0-40EFA4466662}.Release|Any CPU.Build.0 = Release|Any CPU
		{20582431-27BD-466E-87F0-40EFA4466662}.Release|Any CPU.Deploy.0 = Release|Any CPU
		{20582431-27BD-466E-87F0-40EFA4466662}.Release|ARM.ActiveCfg = Release|Any CPU
		{20582431-27BD-466E-87F0-40EFA4466662}.Release|ARM.Build.0 = Release|Any CPU
		{20582431-27BD-466E-87F0-40EFA4466662}.Release|ARM.Deploy.0 = Release|Any CPU
		{20582431-27BD-466E-87F0-40EFA4466662}.Release|x64.ActiveCfg = Release|Any CPU
		{20582431-27BD-466E-87F0-40EFA4466662}.Release|x64.Build.0 = Release|Any CPU
		{20582431-27BD-466E-87F0-40EFA4466662}.Release|x64.Deploy.0 = Release|Any CPU
		{20582431-27BD-466E-87F0-40EFA4466662}.Release|x86.ActiveCfg = Release|Any CPU
		{20582431-27BD-466E-87F0-40EFA4466662}.Release|x86.Build.0 = Release|Any CPU
		{20582431-27BD-466E-87F0-40EFA4466662}.Release|x86.Deploy.0 = Release|Any CPU
		{938CBB2E-43EB-40E1-B19E-75BEF0DA7C17}.Debug|Any CPU.ActiveCfg = Debug|Any CPU
		{938CBB2E-43EB-40E1-B19E-75BEF0DA7C17}.Debug|Any CPU.Build.0 = Debug|Any CPU
		{938CBB2E-43EB-40E1-B19E-75BEF0DA7C17}.Debug|ARM.ActiveCfg = Debug|Any CPU
		{938CBB2E-43EB-40E1-B19E-75BEF0DA7C17}.Debug|ARM.Build.0 = Debug|Any CPU
		{938CBB2E-43EB-40E1-B19E-75BEF0DA7C17}.Debug|x64.ActiveCfg = Debug|Any CPU
		{938CBB2E-43EB-40E1-B19E-75BEF0DA7C17}.Debug|x64.Build.0 = Debug|Any CPU
		{938CBB2E-43EB-40E1-B19E-75BEF0DA7C17}.Debug|x86.ActiveCfg = Debug|Any CPU
		{938CBB2E-43EB-40E1-B19E-75BEF0DA7C17}.Debug|x86.Build.0 = Debug|Any CPU
		{938CBB2E-43EB-40E1-B19E-75BEF0DA7C17}.net40|Any CPU.ActiveCfg = Release|Any CPU
		{938CBB2E-43EB-40E1-B19E-75BEF0DA7C17}.net40|Any CPU.Build.0 = Release|Any CPU
		{938CBB2E-43EB-40E1-B19E-75BEF0DA7C17}.net40|ARM.ActiveCfg = Release|Any CPU
		{938CBB2E-43EB-40E1-B19E-75BEF0DA7C17}.net40|ARM.Build.0 = Release|Any CPU
		{938CBB2E-43EB-40E1-B19E-75BEF0DA7C17}.net40|x64.ActiveCfg = Release|Any CPU
		{938CBB2E-43EB-40E1-B19E-75BEF0DA7C17}.net40|x64.Build.0 = Release|Any CPU
		{938CBB2E-43EB-40E1-B19E-75BEF0DA7C17}.net40|x86.ActiveCfg = Release|Any CPU
		{938CBB2E-43EB-40E1-B19E-75BEF0DA7C17}.net40|x86.Build.0 = Release|Any CPU
		{938CBB2E-43EB-40E1-B19E-75BEF0DA7C17}.net45|Any CPU.ActiveCfg = Release|Any CPU
		{938CBB2E-43EB-40E1-B19E-75BEF0DA7C17}.net45|Any CPU.Build.0 = Release|Any CPU
		{938CBB2E-43EB-40E1-B19E-75BEF0DA7C17}.net45|ARM.ActiveCfg = Release|Any CPU
		{938CBB2E-43EB-40E1-B19E-75BEF0DA7C17}.net45|ARM.Build.0 = Release|Any CPU
		{938CBB2E-43EB-40E1-B19E-75BEF0DA7C17}.net45|x64.ActiveCfg = Release|Any CPU
		{938CBB2E-43EB-40E1-B19E-75BEF0DA7C17}.net45|x64.Build.0 = Release|Any CPU
		{938CBB2E-43EB-40E1-B19E-75BEF0DA7C17}.net45|x86.ActiveCfg = Release|Any CPU
		{938CBB2E-43EB-40E1-B19E-75BEF0DA7C17}.net45|x86.Build.0 = Release|Any CPU
		{938CBB2E-43EB-40E1-B19E-75BEF0DA7C17}.Release|Any CPU.ActiveCfg = Release|Any CPU
		{938CBB2E-43EB-40E1-B19E-75BEF0DA7C17}.Release|Any CPU.Build.0 = Release|Any CPU
		{938CBB2E-43EB-40E1-B19E-75BEF0DA7C17}.Release|ARM.ActiveCfg = Release|Any CPU
		{938CBB2E-43EB-40E1-B19E-75BEF0DA7C17}.Release|ARM.Build.0 = Release|Any CPU
		{938CBB2E-43EB-40E1-B19E-75BEF0DA7C17}.Release|x64.ActiveCfg = Release|Any CPU
		{938CBB2E-43EB-40E1-B19E-75BEF0DA7C17}.Release|x64.Build.0 = Release|Any CPU
		{938CBB2E-43EB-40E1-B19E-75BEF0DA7C17}.Release|x86.ActiveCfg = Release|Any CPU
		{938CBB2E-43EB-40E1-B19E-75BEF0DA7C17}.Release|x86.Build.0 = Release|Any CPU
		{D43B8358-315A-41D0-8996-FCDE72B9FB79}.Debug|Any CPU.ActiveCfg = Debug|Any CPU
		{D43B8358-315A-41D0-8996-FCDE72B9FB79}.Debug|Any CPU.Build.0 = Debug|Any CPU
		{D43B8358-315A-41D0-8996-FCDE72B9FB79}.Debug|ARM.ActiveCfg = Debug|Any CPU
		{D43B8358-315A-41D0-8996-FCDE72B9FB79}.Debug|ARM.Build.0 = Debug|Any CPU
		{D43B8358-315A-41D0-8996-FCDE72B9FB79}.Debug|x64.ActiveCfg = Debug|Any CPU
		{D43B8358-315A-41D0-8996-FCDE72B9FB79}.Debug|x64.Build.0 = Debug|Any CPU
		{D43B8358-315A-41D0-8996-FCDE72B9FB79}.Debug|x86.ActiveCfg = Debug|Any CPU
		{D43B8358-315A-41D0-8996-FCDE72B9FB79}.Debug|x86.Build.0 = Debug|Any CPU
		{D43B8358-315A-41D0-8996-FCDE72B9FB79}.net40|Any CPU.ActiveCfg = Release|Any CPU
		{D43B8358-315A-41D0-8996-FCDE72B9FB79}.net40|Any CPU.Build.0 = Release|Any CPU
		{D43B8358-315A-41D0-8996-FCDE72B9FB79}.net40|ARM.ActiveCfg = Release|Any CPU
		{D43B8358-315A-41D0-8996-FCDE72B9FB79}.net40|ARM.Build.0 = Release|Any CPU
		{D43B8358-315A-41D0-8996-FCDE72B9FB79}.net40|x64.ActiveCfg = Release|Any CPU
		{D43B8358-315A-41D0-8996-FCDE72B9FB79}.net40|x64.Build.0 = Release|Any CPU
		{D43B8358-315A-41D0-8996-FCDE72B9FB79}.net40|x86.ActiveCfg = Release|Any CPU
		{D43B8358-315A-41D0-8996-FCDE72B9FB79}.net40|x86.Build.0 = Release|Any CPU
		{D43B8358-315A-41D0-8996-FCDE72B9FB79}.net45|Any CPU.ActiveCfg = Release|Any CPU
		{D43B8358-315A-41D0-8996-FCDE72B9FB79}.net45|Any CPU.Build.0 = Release|Any CPU
		{D43B8358-315A-41D0-8996-FCDE72B9FB79}.net45|ARM.ActiveCfg = Release|Any CPU
		{D43B8358-315A-41D0-8996-FCDE72B9FB79}.net45|ARM.Build.0 = Release|Any CPU
		{D43B8358-315A-41D0-8996-FCDE72B9FB79}.net45|x64.ActiveCfg = Release|Any CPU
		{D43B8358-315A-41D0-8996-FCDE72B9FB79}.net45|x64.Build.0 = Release|Any CPU
		{D43B8358-315A-41D0-8996-FCDE72B9FB79}.net45|x86.ActiveCfg = Release|Any CPU
		{D43B8358-315A-41D0-8996-FCDE72B9FB79}.net45|x86.Build.0 = Release|Any CPU
		{D43B8358-315A-41D0-8996-FCDE72B9FB79}.Release|Any CPU.ActiveCfg = Release|Any CPU
		{D43B8358-315A-41D0-8996-FCDE72B9FB79}.Release|Any CPU.Build.0 = Release|Any CPU
		{D43B8358-315A-41D0-8996-FCDE72B9FB79}.Release|ARM.ActiveCfg = Release|Any CPU
		{D43B8358-315A-41D0-8996-FCDE72B9FB79}.Release|ARM.Build.0 = Release|Any CPU
		{D43B8358-315A-41D0-8996-FCDE72B9FB79}.Release|x64.ActiveCfg = Release|Any CPU
		{D43B8358-315A-41D0-8996-FCDE72B9FB79}.Release|x64.Build.0 = Release|Any CPU
		{D43B8358-315A-41D0-8996-FCDE72B9FB79}.Release|x86.ActiveCfg = Release|Any CPU
		{D43B8358-315A-41D0-8996-FCDE72B9FB79}.Release|x86.Build.0 = Release|Any CPU
	EndGlobalSection
	GlobalSection(SolutionProperties) = preSolution
		HideSolutionNode = FALSE
	EndGlobalSection
	GlobalSection(NestedProjects) = preSolution
		{4D253423-AE05-47F6-A59D-9162EC0BB1F2} = {946A0603-7C02-4849-8132-EAB98D6CB8F7}
		{F261C3D7-6194-4625-9516-044081B06028} = {946A0603-7C02-4849-8132-EAB98D6CB8F7}
	EndGlobalSection
	GlobalSection(ExtensibilityGlobals) = postSolution
		SolutionGuid = {3536A213-66C2-4D78-947E-529AD311C325}
	EndGlobalSection
EndGlobal
